
Microsoft Visual Studio Solution File, Format Version 12.00
# Visual Studio Version 17
VisualStudioVersion = 17.0.31903.59
MinimumVisualStudioVersion = 10.0.40219.1
Project("{FAE04EC0-301F-11D3-BF4B-00C04F79EFBC}") = "RentalWise.API", "RentalWise.API\RentalWise.API.csproj", "{97B54B88-A5C9-48B3-B400-239D61AFAAEF}"
EndProject
Project("{FAE04EC0-301F-11D3-BF4B-00C04F79EFBC}") = "RentalWise.Domain", "RentalWise.Domain\RentalWise.Domain.csproj", "{C16E3DD7-8A31-4256-85FE-F1B06DDC07ED}"
EndProject
Project("{FAE04EC0-301F-11D3-BF4B-00C04F79EFBC}") = "RentalWise.Infrastructure", "RentalWise.Infrastructure\RentalWise.Infrastructure.csproj", "{D906C5EF-06CE-419A-8291-DF2D931FA665}"
EndProject
Project("{FAE04EC0-301F-11D3-BF4B-00C04F79EFBC}") = "RentalWise.Application", "RentalWise.Application\RentalWise.Application.csproj", "{8FDAF58C-94FE-43CE-9576-19B214EC0BE2}"
EndProject
Project("{FAE04EC0-301F-11D3-BF4B-00C04F79EFBC}") = "RentalWise.Tests", "RentalWise.Tests\RentalWise.Tests.csproj", "{F202AC6F-479F-42E7-A70E-E78F2B6F26B6}"
EndProject
Global
	GlobalSection(SolutionConfigurationPlatforms) = preSolution
		Debug|Any CPU = Debug|Any CPU
		Release|Any CPU = Release|Any CPU
	EndGlobalSection
	GlobalSection(ProjectConfigurationPlatforms) = postSolution
		{97B54B88-A5C9-48B3-B400-239D61AFAAEF}.Debug|Any CPU.ActiveCfg = Debug|Any CPU
		{97B54B88-A5C9-48B3-B400-239D61AFAAEF}.Debug|Any CPU.Build.0 = Debug|Any CPU
		{97B54B88-A5C9-48B3-B400-239D61AFAAEF}.Release|Any CPU.ActiveCfg = Release|Any CPU
		{97B54B88-A5C9-48B3-B400-239D61AFAAEF}.Release|Any CPU.Build.0 = Release|Any CPU
		{C16E3DD7-8A31-4256-85FE-F1B06DDC07ED}.Debug|Any CPU.ActiveCfg = Debug|Any CPU
		{C16E3DD7-8A31-4256-85FE-F1B06DDC07ED}.Debug|Any CPU.Build.0 = Debug|Any CPU
		{C16E3DD7-8A31-4256-85FE-F1B06DDC07ED}.Release|Any CPU.ActiveCfg = Release|Any CPU
		{C16E3DD7-8A31-4256-85FE-F1B06DDC07ED}.Release|Any CPU.Build.0 = Release|Any CPU
		{D906C5EF-06CE-419A-8291-DF2D931FA665}.Debug|Any CPU.ActiveCfg = Debug|Any CPU
		{D906C5EF-06CE-419A-8291-DF2D931FA665}.Debug|Any CPU.Build.0 = Debug|Any CPU
		{D906C5EF-06CE-419A-8291-DF2D931FA665}.Release|Any CPU.ActiveCfg = Release|Any CPU
		{D906C5EF-06CE-419A-8291-DF2D931FA665}.Release|Any CPU.Build.0 = Release|Any CPU
		{8FDAF58C-94FE-43CE-9576-19B214EC0BE2}.Debug|Any CPU.ActiveCfg = Debug|Any CPU
		{8FDAF58C-94FE-43CE-9576-19B214EC0BE2}.Debug|Any CPU.Build.0 = Debug|Any CPU
		{8FDAF58C-94FE-43CE-9576-19B214EC0BE2}.Release|Any CPU.ActiveCfg = Release|Any CPU
		{8FDAF58C-94FE-43CE-9576-19B214EC0BE2}.Release|Any CPU.Build.0 = Release|Any CPU
		{F202AC6F-479F-42E7-A70E-E78F2B6F26B6}.Debug|Any CPU.ActiveCfg = Debug|Any CPU
		{F202AC6F-479F-42E7-A70E-E78F2B6F26B6}.Debug|Any CPU.Build.0 = Debug|Any CPU
		{F202AC6F-479F-42E7-A70E-E78F2B6F26B6}.Release|Any CPU.ActiveCfg = Release|Any CPU
		{F202AC6F-479F-42E7-A70E-E78F2B6F26B6}.Release|Any CPU.Build.0 = Release|Any CPU
	EndGlobalSection
	GlobalSection(SolutionProperties) = preSolution
		HideSolutionNode = FALSE
	EndGlobalSection
	GlobalSection(ExtensibilityGlobals) = postSolution
		SolutionGuid = {1F4CF77A-6F68-451D-B638-090C9FBFB26D}
	EndGlobalSection
EndGlobal
